
Microsoft Visual Studio Solution File, Format Version 12.00
# Visual Studio Version 17
VisualStudioVersion = 17.14.36705.20
MinimumVisualStudioVersion = 10.0.40219.1
Project("{FAE04EC0-301F-11D3-BF4B-00C04F79EFBC}") = "CultOfArchipelago", "CultOfArchipelago\CultOfArchipelago.csproj", "{11014C44-EE01-48BB-A1A9-F80BC5A6EFAD}"
EndProject
Project("{FAE04EC0-301F-11D3-BF4B-00C04F79EFBC}") = "CultOfTheLamb-Source", "Assembly-CSharp\CultOfTheLamb-Source.csproj", "{FD3487C9-75D1-465D-8471-6B93B8EE42DA}"
EndProject
Global
	GlobalSection(SolutionConfigurationPlatforms) = preSolution
		Debug|Any CPU = Debug|Any CPU
		Release|Any CPU = Release|Any CPU
	EndGlobalSection
	GlobalSection(ProjectConfigurationPlatforms) = postSolution
		{11014C44-EE01-48BB-A1A9-F80BC5A6EFAD}.Debug|Any CPU.ActiveCfg = Debug|Any CPU
		{11014C44-EE01-48BB-A1A9-F80BC5A6EFAD}.Debug|Any CPU.Build.0 = Debug|Any CPU
		{11014C44-EE01-48BB-A1A9-F80BC5A6EFAD}.Release|Any CPU.ActiveCfg = Release|Any CPU
		{11014C44-EE01-48BB-A1A9-F80BC5A6EFAD}.Release|Any CPU.Build.0 = Release|Any CPU
		{FD3487C9-75D1-465D-8471-6B93B8EE42DA}.Debug|Any CPU.ActiveCfg = Debug|Any CPU
		{FD3487C9-75D1-465D-8471-6B93B8EE42DA}.Release|Any CPU.ActiveCfg = Release|Any CPU
		{FD3487C9-75D1-465D-8471-6B93B8EE42DA}.Release|Any CPU.Build.0 = Release|Any CPU
	EndGlobalSection
	GlobalSection(SolutionProperties) = preSolution
		HideSolutionNode = FALSE
	EndGlobalSection
	GlobalSection(ExtensibilityGlobals) = postSolution
		SolutionGuid = {4374D416-EE9D-4505-A29C-B1F71242C377}
	EndGlobalSection
EndGlobal
